// !$*UTF8*$!
{
	archiveVersion = 1;
	classes = {
	};
	objectVersion = 50;
	objects = {

/* Begin PBXBuildFile section */
		6028D25023862F6E00F30379 /* AppDelegate.swift in Sources */ = {isa = PBXBuildFile; fileRef = 6028D24F23862F6E00F30379 /* AppDelegate.swift */; };
		6028D25223862F6E00F30379 /* ViewController.swift in Sources */ = {isa = PBXBuildFile; fileRef = 6028D25123862F6E00F30379 /* ViewController.swift */; };
		6028D25523862F6E00F30379 /* Main.storyboard in Resources */ = {isa = PBXBuildFile; fileRef = 6028D25323862F6E00F30379 /* Main.storyboard */; };
		6028D25723862F6F00F30379 /* Assets.xcassets in Resources */ = {isa = PBXBuildFile; fileRef = 6028D25623862F6F00F30379 /* Assets.xcassets */; };
		6028D25A23862F6F00F30379 /* LaunchScreen.storyboard in Resources */ = {isa = PBXBuildFile; fileRef = 6028D25823862F6F00F30379 /* LaunchScreen.storyboard */; };
		6028D26523862F6F00F30379 /* calendarTests.swift in Sources */ = {isa = PBXBuildFile; fileRef = 6028D26423862F6F00F30379 /* calendarTests.swift */; };
		6028D27023862F6F00F30379 /* calendarUITests.swift in Sources */ = {isa = PBXBuildFile; fileRef = 6028D26F23862F6F00F30379 /* calendarUITests.swift */; };
/* End PBXBuildFile section */

/* Begin PBXContainerItemProxy section */
		6028D26123862F6F00F30379 /* PBXContainerItemProxy */ = {
			isa = PBXContainerItemProxy;
			containerPortal = 6028D24423862F6E00F30379 /* Project object */;
			proxyType = 1;
			remoteGlobalIDString = 6028D24B23862F6E00F30379;
			remoteInfo = calendar;
		};
		6028D26C23862F6F00F30379 /* PBXContainerItemProxy */ = {
			isa = PBXContainerItemProxy;
			containerPortal = 6028D24423862F6E00F30379 /* Project object */;
			proxyType = 1;
			remoteGlobalIDString = 6028D24B23862F6E00F30379;
			remoteInfo = calendar;
		};
/* End PBXContainerItemProxy section */

/* Begin PBXFileReference section */
		6028D24C23862F6E00F30379 /* calendar.app */ = {isa = PBXFileReference; explicitFileType = wrapper.application; includeInIndex = 0; path = calendar.app; sourceTree = BUILT_PRODUCTS_DIR; };
		6028D24F23862F6E00F30379 /* AppDelegate.swift */ = {isa = PBXFileReference; lastKnownFileType = sourcecode.swift; path = AppDelegate.swift; sourceTree = "<group>"; };
		6028D25123862F6E00F30379 /* ViewController.swift */ = {isa = PBXFileReference; lastKnownFileType = sourcecode.swift; path = ViewController.swift; sourceTree = "<group>"; };
		6028D25423862F6E00F30379 /* Base */ = {isa = PBXFileReference; lastKnownFileType = file.storyboard; name = Base; path = Base.lproj/Main.storyboard; sourceTree = "<group>"; };
		6028D25623862F6F00F30379 /* Assets.xcassets */ = {isa = PBXFileReference; lastKnownFileType = folder.assetcatalog; path = Assets.xcassets; sourceTree = "<group>"; };
		6028D25923862F6F00F30379 /* Base */ = {isa = PBXFileReference; lastKnownFileType = file.storyboard; name = Base; path = Base.lproj/LaunchScreen.storyboard; sourceTree = "<group>"; };
		6028D25B23862F6F00F30379 /* Info.plist */ = {isa = PBXFileReference; lastKnownFileType = text.plist.xml; path = Info.plist; sourceTree = "<group>"; };
		6028D26023862F6F00F30379 /* calendarTests.xctest */ = {isa = PBXFileReference; explicitFileType = wrapper.cfbundle; includeInIndex = 0; path = calendarTests.xctest; sourceTree = BUILT_PRODUCTS_DIR; };
		6028D26423862F6F00F30379 /* calendarTests.swift */ = {isa = PBXFileReference; lastKnownFileType = sourcecode.swift; path = calendarTests.swift; sourceTree = "<group>"; };
		6028D26623862F6F00F30379 /* Info.plist */ = {isa = PBXFileReference; lastKnownFileType = text.plist.xml; path = Info.plist; sourceTree = "<group>"; };
		6028D26B23862F6F00F30379 /* calendarUITests.xctest */ = {isa = PBXFileReference; explicitFileType = wrapper.cfbundle; includeInIndex = 0; path = calendarUITests.xctest; sourceTree = BUILT_PRODUCTS_DIR; };
		6028D26F23862F6F00F30379 /* calendarUITests.swift */ = {isa = PBXFileReference; lastKnownFileType = sourcecode.swift; path = calendarUITests.swift; sourceTree = "<group>"; };
		6028D27123862F6F00F30379 /* Info.plist */ = {isa = PBXFileReference; lastKnownFileType = text.plist.xml; path = Info.plist; sourceTree = "<group>"; };
/* End PBXFileReference section */

/* Begin PBXFrameworksBuildPhase section */
		6028D24923862F6E00F30379 /* Frameworks */ = {
			isa = PBXFrameworksBuildPhase;
			buildActionMask = 2147483647;
			files = (
			);
			runOnlyForDeploymentPostprocessing = 0;
		};
		6028D25D23862F6F00F30379 /* Frameworks */ = {
			isa = PBXFrameworksBuildPhase;
			buildActionMask = 2147483647;
			files = (
			);
			runOnlyForDeploymentPostprocessing = 0;
		};
		6028D26823862F6F00F30379 /* Frameworks */ = {
			isa = PBXFrameworksBuildPhase;
			buildActionMask = 2147483647;
			files = (
			);
			runOnlyForDeploymentPostprocessing = 0;
		};
/* End PBXFrameworksBuildPhase section */

/* Begin PBXGroup section */
		6028D24323862F6E00F30379 = {
			isa = PBXGroup;
			children = (
				6028D24E23862F6E00F30379 /* calendar */,
				6028D26323862F6F00F30379 /* calendarTests */,
				6028D26E23862F6F00F30379 /* calendarUITests */,
				6028D24D23862F6E00F30379 /* Products */,
			);
			sourceTree = "<group>";
		};
		6028D24D23862F6E00F30379 /* Products */ = {
			isa = PBXGroup;
			children = (
				6028D24C23862F6E00F30379 /* calendar.app */,
				6028D26023862F6F00F30379 /* calendarTests.xctest */,
				6028D26B23862F6F00F30379 /* calendarUITests.xctest */,
			);
			name = Products;
			sourceTree = "<group>";
		};
		6028D24E23862F6E00F30379 /* calendar */ = {
			isa = PBXGroup;
			children = (
				6028D24F23862F6E00F30379 /* AppDelegate.swift */,
				6028D25123862F6E00F30379 /* ViewController.swift */,
				6028D25323862F6E00F30379 /* Main.storyboard */,
				6028D25623862F6F00F30379 /* Assets.xcassets */,
				6028D25823862F6F00F30379 /* LaunchScreen.storyboard */,
				6028D25B23862F6F00F30379 /* Info.plist */,
			);
			path = calendar;
			sourceTree = "<group>";
		};
		6028D26323862F6F00F30379 /* calendarTests */ = {
			isa = PBXGroup;
			children = (
				6028D26423862F6F00F30379 /* calendarTests.swift */,
				6028D26623862F6F00F30379 /* Info.plist */,
			);
			path = calendarTests;
			sourceTree = "<group>";
		};
		6028D26E23862F6F00F30379 /* calendarUITests */ = {
			isa = PBXGroup;
			children = (
				6028D26F23862F6F00F30379 /* calendarUITests.swift */,
				6028D27123862F6F00F30379 /* Info.plist */,
			);
			path = calendarUITests;
			sourceTree = "<group>";
		};
/* End PBXGroup section */

/* Begin PBXNativeTarget section */
		6028D24B23862F6E00F30379 /* calendar */ = {
			isa = PBXNativeTarget;
			buildConfigurationList = 6028D27423862F6F00F30379 /* Build configuration list for PBXNativeTarget "calendar" */;
			buildPhases = (
				6028D24823862F6E00F30379 /* Sources */,
				6028D24923862F6E00F30379 /* Frameworks */,
				6028D24A23862F6E00F30379 /* Resources */,
			);
			buildRules = (
			);
			dependencies = (
			);
			name = calendar;
			productName = calendar;
			productReference = 6028D24C23862F6E00F30379 /* calendar.app */;
			productType = "com.apple.product-type.application";
		};
		6028D25F23862F6F00F30379 /* calendarTests */ = {
			isa = PBXNativeTarget;
			buildConfigurationList = 6028D27723862F6F00F30379 /* Build configuration list for PBXNativeTarget "calendarTests" */;
			buildPhases = (
				6028D25C23862F6F00F30379 /* Sources */,
				6028D25D23862F6F00F30379 /* Frameworks */,
				6028D25E23862F6F00F30379 /* Resources */,
			);
			buildRules = (
			);
			dependencies = (
				6028D26223862F6F00F30379 /* PBXTargetDependency */,
			);
			name = calendarTests;
			productName = calendarTests;
			productReference = 6028D26023862F6F00F30379 /* calendarTests.xctest */;
			productType = "com.apple.product-type.bundle.unit-test";
		};
		6028D26A23862F6F00F30379 /* calendarUITests */ = {
			isa = PBXNativeTarget;
			buildConfigurationList = 6028D27A23862F6F00F30379 /* Build configuration list for PBXNativeTarget "calendarUITests" */;
			buildPhases = (
				6028D26723862F6F00F30379 /* Sources */,
				6028D26823862F6F00F30379 /* Frameworks */,
				6028D26923862F6F00F30379 /* Resources */,
			);
			buildRules = (
			);
			dependencies = (
				6028D26D23862F6F00F30379 /* PBXTargetDependency */,
			);
			name = calendarUITests;
			productName = calendarUITests;
			productReference = 6028D26B23862F6F00F30379 /* calendarUITests.xctest */;
			productType = "com.apple.product-type.bundle.ui-testing";
		};
/* End PBXNativeTarget section */

/* Begin PBXProject section */
		6028D24423862F6E00F30379 /* Project object */ = {
			isa = PBXProject;
			attributes = {
				LastSwiftUpdateCheck = 1030;
				LastUpgradeCheck = 1030;
				ORGANIZATIONNAME = "謝敷宗我";
				TargetAttributes = {
					6028D24B23862F6E00F30379 = {
						CreatedOnToolsVersion = 10.3;
					};
					6028D25F23862F6F00F30379 = {
						CreatedOnToolsVersion = 10.3;
						TestTargetID = 6028D24B23862F6E00F30379;
					};
					6028D26A23862F6F00F30379 = {
						CreatedOnToolsVersion = 10.3;
						TestTargetID = 6028D24B23862F6E00F30379;
					};
				};
			};
			buildConfigurationList = 6028D24723862F6E00F30379 /* Build configuration list for PBXProject "calendar" */;
			compatibilityVersion = "Xcode 9.3";
			developmentRegion = en;
			hasScannedForEncodings = 0;
			knownRegions = (
				en,
				Base,
			);
			mainGroup = 6028D24323862F6E00F30379;
			productRefGroup = 6028D24D23862F6E00F30379 /* Products */;
			projectDirPath = "";
			projectRoot = "";
			targets = (
				6028D24B23862F6E00F30379 /* calendar */,
				6028D25F23862F6F00F30379 /* calendarTests */,
				6028D26A23862F6F00F30379 /* calendarUITests */,
			);
		};
/* End PBXProject section */

/* Begin PBXResourcesBuildPhase section */
		6028D24A23862F6E00F30379 /* Resources */ = {
			isa = PBXResourcesBuildPhase;
			buildActionMask = 2147483647;
			files = (
				6028D25A23862F6F00F30379 /* LaunchScreen.storyboard in Resources */,
				6028D25723862F6F00F30379 /* Assets.xcassets in Resources */,
				6028D25523862F6E00F30379 /* Main.storyboard in Resources */,
			);
			runOnlyForDeploymentPostprocessing = 0;
		};
		6028D25E23862F6F00F30379 /* Resources */ = {
			isa = PBXResourcesBuildPhase;
			buildActionMask = 2147483647;
			files = (
			);
			runOnlyForDeploymentPostprocessing = 0;
		};
		6028D26923862F6F00F30379 /* Resources */ = {
			isa = PBXResourcesBuildPhase;
			buildActionMask = 2147483647;
			files = (
			);
			runOnlyForDeploymentPostprocessing = 0;
		};
/* End PBXResourcesBuildPhase section */

/* Begin PBXSourcesBuildPhase section */
		6028D24823862F6E00F30379 /* Sources */ = {
			isa = PBXSourcesBuildPhase;
			buildActionMask = 2147483647;
			files = (
				6028D25223862F6E00F30379 /* ViewController.swift in Sources */,
				6028D25023862F6E00F30379 /* AppDelegate.swift in Sources */,
			);
			runOnlyForDeploymentPostprocessing = 0;
		};
		6028D25C23862F6F00F30379 /* Sources */ = {
			isa = PBXSourcesBuildPhase;
			buildActionMask = 2147483647;
			files = (
				6028D26523862F6F00F30379 /* calendarTests.swift in Sources */,
			);
			runOnlyForDeploymentPostprocessing = 0;
		};
		6028D26723862F6F00F30379 /* Sources */ = {
			isa = PBXSourcesBuildPhase;
			buildActionMask = 2147483647;
			files = (
				6028D27023862F6F00F30379 /* calendarUITests.swift in Sources */,
			);
			runOnlyForDeploymentPostprocessing = 0;
		};
/* End PBXSourcesBuildPhase section */

/* Begin PBXTargetDependency section */
		6028D26223862F6F00F30379 /* PBXTargetDependency */ = {
			isa = PBXTargetDependency;
			target = 6028D24B23862F6E00F30379 /* calendar */;
			targetProxy = 6028D26123862F6F00F30379 /* PBXContainerItemProxy */;
		};
		6028D26D23862F6F00F30379 /* PBXTargetDependency */ = {
			isa = PBXTargetDependency;
			target = 6028D24B23862F6E00F30379 /* calendar */;
			targetProxy = 6028D26C23862F6F00F30379 /* PBXContainerItemProxy */;
		};
/* End PBXTargetDependency section */

/* Begin PBXVariantGroup section */
		6028D25323862F6E00F30379 /* Main.storyboard */ = {
			isa = PBXVariantGroup;
			children = (
				6028D25423862F6E00F30379 /* Base */,
			);
			name = Main.storyboard;
			sourceTree = "<group>";
		};
		6028D25823862F6F00F30379 /* LaunchScreen.storyboard */ = {
			isa = PBXVariantGroup;
			children = (
				6028D25923862F6F00F30379 /* Base */,
			);
			name = LaunchScreen.storyboard;
			sourceTree = "<group>";
		};
/* End PBXVariantGroup section */

/* Begin XCBuildConfiguration section */
		6028D27223862F6F00F30379 /* Debug */ = {
			isa = XCBuildConfiguration;
			buildSettings = {
				ALWAYS_SEARCH_USER_PATHS = NO;
				CLANG_ANALYZER_NONNULL = YES;
				CLANG_ANALYZER_NUMBER_OBJECT_CONVERSION = YES_AGGRESSIVE;
				CLANG_CXX_LANGUAGE_STANDARD = "gnu++14";
				CLANG_CXX_LIBRARY = "libc++";
				CLANG_ENABLE_MODULES = YES;
				CLANG_ENABLE_OBJC_ARC = YES;
				CLANG_ENABLE_OBJC_WEAK = YES;
				CLANG_WARN_BLOCK_CAPTURE_AUTORELEASING = YES;
				CLANG_WARN_BOOL_CONVERSION = YES;
				CLANG_WARN_COMMA = YES;
				CLANG_WARN_CONSTANT_CONVERSION = YES;
				CLANG_WARN_DEPRECATED_OBJC_IMPLEMENTATIONS = YES;
				CLANG_WARN_DIRECT_OBJC_ISA_USAGE = YES_ERROR;
				CLANG_WARN_DOCUMENTATION_COMMENTS = YES;
				CLANG_WARN_EMPTY_BODY = YES;
				CLANG_WARN_ENUM_CONVERSION = YES;
				CLANG_WARN_INFINITE_RECURSION = YES;
				CLANG_WARN_INT_CONVERSION = YES;
				CLANG_WARN_NON_LITERAL_NULL_CONVERSION = YES;
				CLANG_WARN_OBJC_IMPLICIT_RETAIN_SELF = YES;
				CLANG_WARN_OBJC_LITERAL_CONVERSION = YES;
				CLANG_WARN_OBJC_ROOT_CLASS = YES_ERROR;
				CLANG_WARN_RANGE_LOOP_ANALYSIS = YES;
				CLANG_WARN_STRICT_PROTOTYPES = YES;
				CLANG_WARN_SUSPICIOUS_MOVE = YES;
				CLANG_WARN_UNGUARDED_AVAILABILITY = YES_AGGRESSIVE;
				CLANG_WARN_UNREACHABLE_CODE = YES;
				CLANG_WARN__DUPLICATE_METHOD_MATCH = YES;
				CODE_SIGN_IDENTITY = "iPhone Developer";
				COPY_PHASE_STRIP = NO;
				DEBUG_INFORMATION_FORMAT = dwarf;
				ENABLE_STRICT_OBJC_MSGSEND = YES;
				ENABLE_TESTABILITY = YES;
				GCC_C_LANGUAGE_STANDARD = gnu11;
				GCC_DYNAMIC_NO_PIC = NO;
				GCC_NO_COMMON_BLOCKS = YES;
				GCC_OPTIMIZATION_LEVEL = 0;
				GCC_PREPROCESSOR_DEFINITIONS = (
					"DEBUG=1",
					"$(inherited)",
				);
				GCC_WARN_64_TO_32_BIT_CONVERSION = YES;
				GCC_WARN_ABOUT_RETURN_TYPE = YES_ERROR;
				GCC_WARN_UNDECLARED_SELECTOR = YES;
				GCC_WARN_UNINITIALIZED_AUTOS = YES_AGGRESSIVE;
				GCC_WARN_UNUSED_FUNCTION = YES;
				GCC_WARN_UNUSED_VARIABLE = YES;
				IPHONEOS_DEPLOYMENT_TARGET = 12.4;
				MTL_ENABLE_DEBUG_INFO = INCLUDE_SOURCE;
				MTL_FAST_MATH = YES;
				ONLY_ACTIVE_ARCH = YES;
				SDKROOT = iphoneos;
				SWIFT_ACTIVE_COMPILATION_CONDITIONS = DEBUG;
				SWIFT_OPTIMIZATION_LEVEL = "-Onone";
			};
			name = Debug;
		};
		6028D27323862F6F00F30379 /* Release */ = {
			isa = XCBuildConfiguration;
			buildSettings = {
				ALWAYS_SEARCH_USER_PATHS = NO;
				CLANG_ANALYZER_NONNULL = YES;
				CLANG_ANALYZER_NUMBER_OBJECT_CONVERSION = YES_AGGRESSIVE;
				CLANG_CXX_LANGUAGE_STANDARD = "gnu++14";
				CLANG_CXX_LIBRARY = "libc++";
				CLANG_ENABLE_MODULES = YES;
				CLANG_ENABLE_OBJC_ARC = YES;
				CLANG_ENABLE_OBJC_WEAK = YES;
				CLANG_WARN_BLOCK_CAPTURE_AUTORELEASING = YES;
				CLANG_WARN_BOOL_CONVERSION = YES;
				CLANG_WARN_COMMA = YES;
				CLANG_WARN_CONSTANT_CONVERSION = YES;
				CLANG_WARN_DEPRECATED_OBJC_IMPLEMENTATIONS = YES;
				CLANG_WARN_DIRECT_OBJC_ISA_USAGE = YES_ERROR;
				CLANG_WARN_DOCUMENTATION_COMMENTS = YES;
				CLANG_WARN_EMPTY_BODY = YES;
				CLANG_WARN_ENUM_CONVERSION = YES;
				CLANG_WARN_INFINITE_RECURSION = YES;
				CLANG_WARN_INT_CONVERSION = YES;
				CLANG_WARN_NON_LITERAL_NULL_CONVERSION = YES;
				CLANG_WARN_OBJC_IMPLICIT_RETAIN_SELF = YES;
				CLANG_WARN_OBJC_LITERAL_CONVERSION = YES;
				CLANG_WARN_OBJC_ROOT_CLASS = YES_ERROR;
				CLANG_WARN_RANGE_LOOP_ANALYSIS = YES;
				CLANG_WARN_STRICT_PROTOTYPES = YES;
				CLANG_WARN_SUSPICIOUS_MOVE = YES;
				CLANG_WARN_UNGUARDED_AVAILABILITY = YES_AGGRESSIVE;
				CLANG_WARN_UNREACHABLE_CODE = YES;
				CLANG_WARN__DUPLICATE_METHOD_MATCH = YES;
				CODE_SIGN_IDENTITY = "iPhone Developer";
				COPY_PHASE_STRIP = NO;
				DEBUG_INFORMATION_FORMAT = "dwarf-with-dsym";
				ENABLE_NS_ASSERTIONS = NO;
				ENABLE_STRICT_OBJC_MSGSEND = YES;
				GCC_C_LANGUAGE_STANDARD = gnu11;
				GCC_NO_COMMON_BLOCKS = YES;
				GCC_WARN_64_TO_32_BIT_CONVERSION = YES;
				GCC_WARN_ABOUT_RETURN_TYPE = YES_ERROR;
				GCC_WARN_UNDECLARED_SELECTOR = YES;
				GCC_WARN_UNINITIALIZED_AUTOS = YES_AGGRESSIVE;
				GCC_WARN_UNUSED_FUNCTION = YES;
				GCC_WARN_UNUSED_VARIABLE = YES;
				IPHONEOS_DEPLOYMENT_TARGET = 12.4;
				MTL_ENABLE_DEBUG_INFO = NO;
				MTL_FAST_MATH = YES;
				SDKROOT = iphoneos;
				SWIFT_COMPILATION_MODE = wholemodule;
				SWIFT_OPTIMIZATION_LEVEL = "-O";
				VALIDATE_PRODUCT = YES;
			};
			name = Release;
		};
		6028D27523862F6F00F30379 /* Debug */ = {
			isa = XCBuildConfiguration;
			buildSettings = {
				ASSETCATALOG_COMPILER_APPICON_NAME = AppIcon;
				CODE_SIGN_STYLE = Automatic;
				INFOPLIST_FILE = calendar/Info.plist;
				LD_RUNPATH_SEARCH_PATHS = (
					"$(inherited)",
					"@executable_path/Frameworks",
				);
				PRODUCT_BUNDLE_IDENTIFIER = aiueo.calendar;
				PRODUCT_NAME = "$(TARGET_NAME)";
				SWIFT_VERSION = 5.0;
				TARGETED_DEVICE_FAMILY = "1,2";
			};
			name = Debug;
		};
		6028D27623862F6F00F30379 /* Release */ = {
			isa = XCBuildConfiguration;
			buildSettings = {
				ASSETCATALOG_COMPILER_APPICON_NAME = AppIcon;
				CODE_SIGN_STYLE = Automatic;
				INFOPLIST_FILE = calendar/Info.plist;
				LD_RUNPATH_SEARCH_PATHS = (
					"$(inherited)",
					"@executable_path/Frameworks",
				);
				PRODUCT_BUNDLE_IDENTIFIER = aiueo.calendar;
				PRODUCT_NAME = "$(TARGET_NAME)";
				SWIFT_VERSION = 5.0;
				TARGETED_DEVICE_FAMILY = "1,2";
			};
			name = Release;
		};
		6028D27823862F6F00F30379 /* Debug */ = {
			isa = XCBuildConfiguration;
			buildSettings = {
				ALWAYS_EMBED_SWIFT_STANDARD_LIBRARIES = YES;
				BUNDLE_LOADER = "$(TEST_HOST)";
				CODE_SIGN_STYLE = Automatic;
				INFOPLIST_FILE = calendarTests/Info.plist;
				LD_RUNPATH_SEARCH_PATHS = (
					"$(inherited)",
					"@executable_path/Frameworks",
					"@loader_path/Frameworks",
				);
				PRODUCT_BUNDLE_IDENTIFIER = aiueo.calendarTests;
				PRODUCT_NAME = "$(TARGET_NAME)";
				SWIFT_VERSION = 5.0;
				TARGETED_DEVICE_FAMILY = "1,2";
				TEST_HOST = "$(BUILT_PRODUCTS_DIR)/calendar.app/calendar";
			};
			name = Debug;
		};
		6028D27923862F6F00F30379 /* Release */ = {
			isa = XCBuildConfiguration;
			buildSettings = {
				ALWAYS_EMBED_SWIFT_STANDARD_LIBRARIES = YES;
				BUNDLE_LOADER = "$(TEST_HOST)";
				CODE_SIGN_STYLE = Automatic;
				INFOPLIST_FILE = calendarTests/Info.plist;
				LD_RUNPATH_SEARCH_PATHS = (
					"$(inherited)",
					"@executable_path/Frameworks",
					"@loader_path/Frameworks",
				);
				PRODUCT_BUNDLE_IDENTIFIER = aiueo.calendarTests;
				PRODUCT_NAME = "$(TARGET_NAME)";
				SWIFT_VERSION = 5.0;
				TARGETED_DEVICE_FAMILY = "1,2";
				TEST_HOST = "$(BUILT_PRODUCTS_DIR)/calendar.app/calendar";
			};
			name = Release;
		};
		6028D27B23862F6F00F30379 /* Debug */ = {
			isa = XCBuildConfiguration;
			buildSettings = {
				ALWAYS_EMBED_SWIFT_STANDARD_LIBRARIES = YES;
				CODE_SIGN_STYLE = Automatic;
				INFOPLIST_FILE = calendarUITests/Info.plist;
				LD_RUNPATH_SEARCH_PATHS = (
					"$(inherited)",
					"@executable_path/Frameworks",
					"@loader_path/Frameworks",
				);
				PRODUCT_BUNDLE_IDENTIFIER = aiueo.calendarUITests;
				PRODUCT_NAME = "$(TARGET_NAME)";
				SWIFT_VERSION = 5.0;
				TARGETED_DEVICE_FAMILY = "1,2";
				TEST_TARGET_NAME = calendar;
			};
			name = Debug;
		};
		6028D27C23862F6F00F30379 /* Release */ = {
			isa = XCBuildConfiguration;
			buildSettings = {
				ALWAYS_EMBED_SWIFT_STANDARD_LIBRARIES = YES;
				CODE_SIGN_STYLE = Automatic;
				INFOPLIST_FILE = calendarUITests/Info.plist;
				LD_RUNPATH_SEARCH_PATHS = (
					"$(inherited)",
					"@executable_path/Frameworks",
					"@loader_path/Frameworks",
				);
				PRODUCT_BUNDLE_IDENTIFIER = aiueo.calendarUITests;
				PRODUCT_NAME = "$(TARGET_NAME)";
				SWIFT_VERSION = 5.0;
				TARGETED_DEVICE_FAMILY = "1,2";
				TEST_TARGET_NAME = calendar;
			};
			name = Release;
		};
/* End XCBuildConfiguration section */

/* Begin XCConfigurationList section */
		6028D24723862F6E00F30379 /* Build configuration list for PBXProject "calendar" */ = {
			isa = XCConfigurationList;
			buildConfigurations = (
				6028D27223862F6F00F30379 /* Debug */,
				6028D27323862F6F00F30379 /* Release */,
			);
			defaultConfigurationIsVisible = 0;
			defaultConfigurationName = Release;
		};
		6028D27423862F6F00F30379 /* Build configuration list for PBXNativeTarget "calendar" */ = {
			isa = XCConfigurationList;
			buildConfigurations = (
				6028D27523862F6F00F30379 /* Debug */,
				6028D27623862F6F00F30379 /* Release */,
			);
			defaultConfigurationIsVisible = 0;
			defaultConfigurationName = Release;
		};
		6028D27723862F6F00F30379 /* Build configuration list for PBXNativeTarget "calendarTests" */ = {
			isa = XCConfigurationList;
			buildConfigurations = (
				6028D27823862F6F00F30379 /* Debug */,
				6028D27923862F6F00F30379 /* Release */,
			);
			defaultConfigurationIsVisible = 0;
			defaultConfigurationName = Release;
		};
		6028D27A23862F6F00F30379 /* Build configuration list for PBXNativeTarget "calendarUITests" */ = {
			isa = XCConfigurationList;
			buildConfigurations = (
				6028D27B23862F6F00F30379 /* Debug */,
				6028D27C23862F6F00F30379 /* Release */,
			);
			defaultConfigurationIsVisible = 0;
			defaultConfigurationName = Release;
		};
/* End XCConfigurationList section */
	};
	rootObject = 6028D24423862F6E00F30379 /* Project object */;
}
