// !$*UTF8*$!
{
	archiveVersion = 1;
	classes = {
	};
	objectVersion = 50;
	objects = {

/* Begin PBXBuildFile section */
		603B788723D0221D0076E6C5 /* AppDelegate.swift in Sources */ = {isa = PBXBuildFile; fileRef = 603B788623D0221D0076E6C5 /* AppDelegate.swift */; };
		603B788923D0221D0076E6C5 /* ViewController.swift in Sources */ = {isa = PBXBuildFile; fileRef = 603B788823D0221D0076E6C5 /* ViewController.swift */; };
		603B788C23D0221D0076E6C5 /* Main.storyboard in Resources */ = {isa = PBXBuildFile; fileRef = 603B788A23D0221D0076E6C5 /* Main.storyboard */; };
		603B788E23D0221E0076E6C5 /* Assets.xcassets in Resources */ = {isa = PBXBuildFile; fileRef = 603B788D23D0221E0076E6C5 /* Assets.xcassets */; };
		603B789123D0221E0076E6C5 /* LaunchScreen.storyboard in Resources */ = {isa = PBXBuildFile; fileRef = 603B788F23D0221E0076E6C5 /* LaunchScreen.storyboard */; };
		603B789C23D0221E0076E6C5 /* aiueoTests.swift in Sources */ = {isa = PBXBuildFile; fileRef = 603B789B23D0221E0076E6C5 /* aiueoTests.swift */; };
		603B78A723D0221E0076E6C5 /* aiueoUITests.swift in Sources */ = {isa = PBXBuildFile; fileRef = 603B78A623D0221E0076E6C5 /* aiueoUITests.swift */; };
/* End PBXBuildFile section */

/* Begin PBXContainerItemProxy section */
		603B789823D0221E0076E6C5 /* PBXContainerItemProxy */ = {
			isa = PBXContainerItemProxy;
			containerPortal = 603B787B23D0221D0076E6C5 /* Project object */;
			proxyType = 1;
			remoteGlobalIDString = 603B788223D0221D0076E6C5;
			remoteInfo = aiueo;
		};
		603B78A323D0221E0076E6C5 /* PBXContainerItemProxy */ = {
			isa = PBXContainerItemProxy;
			containerPortal = 603B787B23D0221D0076E6C5 /* Project object */;
			proxyType = 1;
			remoteGlobalIDString = 603B788223D0221D0076E6C5;
			remoteInfo = aiueo;
		};
/* End PBXContainerItemProxy section */

/* Begin PBXFileReference section */
		603B788323D0221D0076E6C5 /* aiueo.app */ = {isa = PBXFileReference; explicitFileType = wrapper.application; includeInIndex = 0; path = aiueo.app; sourceTree = BUILT_PRODUCTS_DIR; };
		603B788623D0221D0076E6C5 /* AppDelegate.swift */ = {isa = PBXFileReference; lastKnownFileType = sourcecode.swift; path = AppDelegate.swift; sourceTree = "<group>"; };
		603B788823D0221D0076E6C5 /* ViewController.swift */ = {isa = PBXFileReference; lastKnownFileType = sourcecode.swift; path = ViewController.swift; sourceTree = "<group>"; };
		603B788B23D0221D0076E6C5 /* Base */ = {isa = PBXFileReference; lastKnownFileType = file.storyboard; name = Base; path = Base.lproj/Main.storyboard; sourceTree = "<group>"; };
		603B788D23D0221E0076E6C5 /* Assets.xcassets */ = {isa = PBXFileReference; lastKnownFileType = folder.assetcatalog; path = Assets.xcassets; sourceTree = "<group>"; };
		603B789023D0221E0076E6C5 /* Base */ = {isa = PBXFileReference; lastKnownFileType = file.storyboard; name = Base; path = Base.lproj/LaunchScreen.storyboard; sourceTree = "<group>"; };
		603B789223D0221E0076E6C5 /* Info.plist */ = {isa = PBXFileReference; lastKnownFileType = text.plist.xml; path = Info.plist; sourceTree = "<group>"; };
		603B789723D0221E0076E6C5 /* aiueoTests.xctest */ = {isa = PBXFileReference; explicitFileType = wrapper.cfbundle; includeInIndex = 0; path = aiueoTests.xctest; sourceTree = BUILT_PRODUCTS_DIR; };
		603B789B23D0221E0076E6C5 /* aiueoTests.swift */ = {isa = PBXFileReference; lastKnownFileType = sourcecode.swift; path = aiueoTests.swift; sourceTree = "<group>"; };
		603B789D23D0221E0076E6C5 /* Info.plist */ = {isa = PBXFileReference; lastKnownFileType = text.plist.xml; path = Info.plist; sourceTree = "<group>"; };
		603B78A223D0221E0076E6C5 /* aiueoUITests.xctest */ = {isa = PBXFileReference; explicitFileType = wrapper.cfbundle; includeInIndex = 0; path = aiueoUITests.xctest; sourceTree = BUILT_PRODUCTS_DIR; };
		603B78A623D0221E0076E6C5 /* aiueoUITests.swift */ = {isa = PBXFileReference; lastKnownFileType = sourcecode.swift; path = aiueoUITests.swift; sourceTree = "<group>"; };
		603B78A823D0221E0076E6C5 /* Info.plist */ = {isa = PBXFileReference; lastKnownFileType = text.plist.xml; path = Info.plist; sourceTree = "<group>"; };
/* End PBXFileReference section */

/* Begin PBXFrameworksBuildPhase section */
		603B788023D0221D0076E6C5 /* Frameworks */ = {
			isa = PBXFrameworksBuildPhase;
			buildActionMask = 2147483647;
			files = (
			);
			runOnlyForDeploymentPostprocessing = 0;
		};
		603B789423D0221E0076E6C5 /* Frameworks */ = {
			isa = PBXFrameworksBuildPhase;
			buildActionMask = 2147483647;
			files = (
			);
			runOnlyForDeploymentPostprocessing = 0;
		};
		603B789F23D0221E0076E6C5 /* Frameworks */ = {
			isa = PBXFrameworksBuildPhase;
			buildActionMask = 2147483647;
			files = (
			);
			runOnlyForDeploymentPostprocessing = 0;
		};
/* End PBXFrameworksBuildPhase section */

/* Begin PBXGroup section */
		603B787A23D0221D0076E6C5 = {
			isa = PBXGroup;
			children = (
				603B788523D0221D0076E6C5 /* aiueo */,
				603B789A23D0221E0076E6C5 /* aiueoTests */,
				603B78A523D0221E0076E6C5 /* aiueoUITests */,
				603B788423D0221D0076E6C5 /* Products */,
			);
			sourceTree = "<group>";
		};
		603B788423D0221D0076E6C5 /* Products */ = {
			isa = PBXGroup;
			children = (
				603B788323D0221D0076E6C5 /* aiueo.app */,
				603B789723D0221E0076E6C5 /* aiueoTests.xctest */,
				603B78A223D0221E0076E6C5 /* aiueoUITests.xctest */,
			);
			name = Products;
			sourceTree = "<group>";
		};
		603B788523D0221D0076E6C5 /* aiueo */ = {
			isa = PBXGroup;
			children = (
				603B788623D0221D0076E6C5 /* AppDelegate.swift */,
				603B788823D0221D0076E6C5 /* ViewController.swift */,
				603B788A23D0221D0076E6C5 /* Main.storyboard */,
				603B788D23D0221E0076E6C5 /* Assets.xcassets */,
				603B788F23D0221E0076E6C5 /* LaunchScreen.storyboard */,
				603B789223D0221E0076E6C5 /* Info.plist */,
			);
			path = aiueo;
			sourceTree = "<group>";
		};
		603B789A23D0221E0076E6C5 /* aiueoTests */ = {
			isa = PBXGroup;
			children = (
				603B789B23D0221E0076E6C5 /* aiueoTests.swift */,
				603B789D23D0221E0076E6C5 /* Info.plist */,
			);
			path = aiueoTests;
			sourceTree = "<group>";
		};
		603B78A523D0221E0076E6C5 /* aiueoUITests */ = {
			isa = PBXGroup;
			children = (
				603B78A623D0221E0076E6C5 /* aiueoUITests.swift */,
				603B78A823D0221E0076E6C5 /* Info.plist */,
			);
			path = aiueoUITests;
			sourceTree = "<group>";
		};
/* End PBXGroup section */

/* Begin PBXNativeTarget section */
		603B788223D0221D0076E6C5 /* aiueo */ = {
			isa = PBXNativeTarget;
			buildConfigurationList = 603B78AB23D0221E0076E6C5 /* Build configuration list for PBXNativeTarget "aiueo" */;
			buildPhases = (
				603B787F23D0221D0076E6C5 /* Sources */,
				603B788023D0221D0076E6C5 /* Frameworks */,
				603B788123D0221D0076E6C5 /* Resources */,
			);
			buildRules = (
			);
			dependencies = (
			);
			name = aiueo;
			productName = aiueo;
			productReference = 603B788323D0221D0076E6C5 /* aiueo.app */;
			productType = "com.apple.product-type.application";
		};
		603B789623D0221E0076E6C5 /* aiueoTests */ = {
			isa = PBXNativeTarget;
			buildConfigurationList = 603B78AE23D0221E0076E6C5 /* Build configuration list for PBXNativeTarget "aiueoTests" */;
			buildPhases = (
				603B789323D0221E0076E6C5 /* Sources */,
				603B789423D0221E0076E6C5 /* Frameworks */,
				603B789523D0221E0076E6C5 /* Resources */,
			);
			buildRules = (
			);
			dependencies = (
				603B789923D0221E0076E6C5 /* PBXTargetDependency */,
			);
			name = aiueoTests;
			productName = aiueoTests;
			productReference = 603B789723D0221E0076E6C5 /* aiueoTests.xctest */;
			productType = "com.apple.product-type.bundle.unit-test";
		};
		603B78A123D0221E0076E6C5 /* aiueoUITests */ = {
			isa = PBXNativeTarget;
			buildConfigurationList = 603B78B123D0221E0076E6C5 /* Build configuration list for PBXNativeTarget "aiueoUITests" */;
			buildPhases = (
				603B789E23D0221E0076E6C5 /* Sources */,
				603B789F23D0221E0076E6C5 /* Frameworks */,
				603B78A023D0221E0076E6C5 /* Resources */,
			);
			buildRules = (
			);
			dependencies = (
				603B78A423D0221E0076E6C5 /* PBXTargetDependency */,
			);
			name = aiueoUITests;
			productName = aiueoUITests;
			productReference = 603B78A223D0221E0076E6C5 /* aiueoUITests.xctest */;
			productType = "com.apple.product-type.bundle.ui-testing";
		};
/* End PBXNativeTarget section */

/* Begin PBXProject section */
		603B787B23D0221D0076E6C5 /* Project object */ = {
			isa = PBXProject;
			attributes = {
				LastSwiftUpdateCheck = 1030;
				LastUpgradeCheck = 1030;
				ORGANIZATIONNAME = "謝敷宗我";
				TargetAttributes = {
					603B788223D0221D0076E6C5 = {
						CreatedOnToolsVersion = 10.3;
					};
					603B789623D0221E0076E6C5 = {
						CreatedOnToolsVersion = 10.3;
						TestTargetID = 603B788223D0221D0076E6C5;
					};
					603B78A123D0221E0076E6C5 = {
						CreatedOnToolsVersion = 10.3;
						TestTargetID = 603B788223D0221D0076E6C5;
					};
				};
			};
			buildConfigurationList = 603B787E23D0221D0076E6C5 /* Build configuration list for PBXProject "aiueo" */;
			compatibilityVersion = "Xcode 9.3";
			developmentRegion = en;
			hasScannedForEncodings = 0;
			knownRegions = (
				en,
				Base,
			);
			mainGroup = 603B787A23D0221D0076E6C5;
			productRefGroup = 603B788423D0221D0076E6C5 /* Products */;
			projectDirPath = "";
			projectRoot = "";
			targets = (
				603B788223D0221D0076E6C5 /* aiueo */,
				603B789623D0221E0076E6C5 /* aiueoTests */,
				603B78A123D0221E0076E6C5 /* aiueoUITests */,
			);
		};
/* End PBXProject section */

/* Begin PBXResourcesBuildPhase section */
		603B788123D0221D0076E6C5 /* Resources */ = {
			isa = PBXResourcesBuildPhase;
			buildActionMask = 2147483647;
			files = (
				603B789123D0221E0076E6C5 /* LaunchScreen.storyboard in Resources */,
				603B788E23D0221E0076E6C5 /* Assets.xcassets in Resources */,
				603B788C23D0221D0076E6C5 /* Main.storyboard in Resources */,
			);
			runOnlyForDeploymentPostprocessing = 0;
		};
		603B789523D0221E0076E6C5 /* Resources */ = {
			isa = PBXResourcesBuildPhase;
			buildActionMask = 2147483647;
			files = (
			);
			runOnlyForDeploymentPostprocessing = 0;
		};
		603B78A023D0221E0076E6C5 /* Resources */ = {
			isa = PBXResourcesBuildPhase;
			buildActionMask = 2147483647;
			files = (
			);
			runOnlyForDeploymentPostprocessing = 0;
		};
/* End PBXResourcesBuildPhase section */

/* Begin PBXSourcesBuildPhase section */
		603B787F23D0221D0076E6C5 /* Sources */ = {
			isa = PBXSourcesBuildPhase;
			buildActionMask = 2147483647;
			files = (
				603B788923D0221D0076E6C5 /* ViewController.swift in Sources */,
				603B788723D0221D0076E6C5 /* AppDelegate.swift in Sources */,
			);
			runOnlyForDeploymentPostprocessing = 0;
		};
		603B789323D0221E0076E6C5 /* Sources */ = {
			isa = PBXSourcesBuildPhase;
			buildActionMask = 2147483647;
			files = (
				603B789C23D0221E0076E6C5 /* aiueoTests.swift in Sources */,
			);
			runOnlyForDeploymentPostprocessing = 0;
		};
		603B789E23D0221E0076E6C5 /* Sources */ = {
			isa = PBXSourcesBuildPhase;
			buildActionMask = 2147483647;
			files = (
				603B78A723D0221E0076E6C5 /* aiueoUITests.swift in Sources */,
			);
			runOnlyForDeploymentPostprocessing = 0;
		};
/* End PBXSourcesBuildPhase section */

/* Begin PBXTargetDependency section */
		603B789923D0221E0076E6C5 /* PBXTargetDependency */ = {
			isa = PBXTargetDependency;
			target = 603B788223D0221D0076E6C5 /* aiueo */;
			targetProxy = 603B789823D0221E0076E6C5 /* PBXContainerItemProxy */;
		};
		603B78A423D0221E0076E6C5 /* PBXTargetDependency */ = {
			isa = PBXTargetDependency;
			target = 603B788223D0221D0076E6C5 /* aiueo */;
			targetProxy = 603B78A323D0221E0076E6C5 /* PBXContainerItemProxy */;
		};
/* End PBXTargetDependency section */

/* Begin PBXVariantGroup section */
		603B788A23D0221D0076E6C5 /* Main.storyboard */ = {
			isa = PBXVariantGroup;
			children = (
				603B788B23D0221D0076E6C5 /* Base */,
			);
			name = Main.storyboard;
			sourceTree = "<group>";
		};
		603B788F23D0221E0076E6C5 /* LaunchScreen.storyboard */ = {
			isa = PBXVariantGroup;
			children = (
				603B789023D0221E0076E6C5 /* Base */,
			);
			name = LaunchScreen.storyboard;
			sourceTree = "<group>";
		};
/* End PBXVariantGroup section */

/* Begin XCBuildConfiguration section */
		603B78A923D0221E0076E6C5 /* Debug */ = {
			isa = XCBuildConfiguration;
			buildSettings = {
				ALWAYS_SEARCH_USER_PATHS = NO;
				CLANG_ANALYZER_NONNULL = YES;
				CLANG_ANALYZER_NUMBER_OBJECT_CONVERSION = YES_AGGRESSIVE;
				CLANG_CXX_LANGUAGE_STANDARD = "gnu++14";
				CLANG_CXX_LIBRARY = "libc++";
				CLANG_ENABLE_MODULES = YES;
				CLANG_ENABLE_OBJC_ARC = YES;
				CLANG_ENABLE_OBJC_WEAK = YES;
				CLANG_WARN_BLOCK_CAPTURE_AUTORELEASING = YES;
				CLANG_WARN_BOOL_CONVERSION = YES;
				CLANG_WARN_COMMA = YES;
				CLANG_WARN_CONSTANT_CONVERSION = YES;
				CLANG_WARN_DEPRECATED_OBJC_IMPLEMENTATIONS = YES;
				CLANG_WARN_DIRECT_OBJC_ISA_USAGE = YES_ERROR;
				CLANG_WARN_DOCUMENTATION_COMMENTS = YES;
				CLANG_WARN_EMPTY_BODY = YES;
				CLANG_WARN_ENUM_CONVERSION = YES;
				CLANG_WARN_INFINITE_RECURSION = YES;
				CLANG_WARN_INT_CONVERSION = YES;
				CLANG_WARN_NON_LITERAL_NULL_CONVERSION = YES;
				CLANG_WARN_OBJC_IMPLICIT_RETAIN_SELF = YES;
				CLANG_WARN_OBJC_LITERAL_CONVERSION = YES;
				CLANG_WARN_OBJC_ROOT_CLASS = YES_ERROR;
				CLANG_WARN_RANGE_LOOP_ANALYSIS = YES;
				CLANG_WARN_STRICT_PROTOTYPES = YES;
				CLANG_WARN_SUSPICIOUS_MOVE = YES;
				CLANG_WARN_UNGUARDED_AVAILABILITY = YES_AGGRESSIVE;
				CLANG_WARN_UNREACHABLE_CODE = YES;
				CLANG_WARN__DUPLICATE_METHOD_MATCH = YES;
				CODE_SIGN_IDENTITY = "iPhone Developer";
				COPY_PHASE_STRIP = NO;
				DEBUG_INFORMATION_FORMAT = dwarf;
				ENABLE_STRICT_OBJC_MSGSEND = YES;
				ENABLE_TESTABILITY = YES;
				GCC_C_LANGUAGE_STANDARD = gnu11;
				GCC_DYNAMIC_NO_PIC = NO;
				GCC_NO_COMMON_BLOCKS = YES;
				GCC_OPTIMIZATION_LEVEL = 0;
				GCC_PREPROCESSOR_DEFINITIONS = (
					"DEBUG=1",
					"$(inherited)",
				);
				GCC_WARN_64_TO_32_BIT_CONVERSION = YES;
				GCC_WARN_ABOUT_RETURN_TYPE = YES_ERROR;
				GCC_WARN_UNDECLARED_SELECTOR = YES;
				GCC_WARN_UNINITIALIZED_AUTOS = YES_AGGRESSIVE;
				GCC_WARN_UNUSED_FUNCTION = YES;
				GCC_WARN_UNUSED_VARIABLE = YES;
				IPHONEOS_DEPLOYMENT_TARGET = 12.4;
				MTL_ENABLE_DEBUG_INFO = INCLUDE_SOURCE;
				MTL_FAST_MATH = YES;
				ONLY_ACTIVE_ARCH = YES;
				SDKROOT = iphoneos;
				SWIFT_ACTIVE_COMPILATION_CONDITIONS = DEBUG;
				SWIFT_OPTIMIZATION_LEVEL = "-Onone";
			};
			name = Debug;
		};
		603B78AA23D0221E0076E6C5 /* Release */ = {
			isa = XCBuildConfiguration;
			buildSettings = {
				ALWAYS_SEARCH_USER_PATHS = NO;
				CLANG_ANALYZER_NONNULL = YES;
				CLANG_ANALYZER_NUMBER_OBJECT_CONVERSION = YES_AGGRESSIVE;
				CLANG_CXX_LANGUAGE_STANDARD = "gnu++14";
				CLANG_CXX_LIBRARY = "libc++";
				CLANG_ENABLE_MODULES = YES;
				CLANG_ENABLE_OBJC_ARC = YES;
				CLANG_ENABLE_OBJC_WEAK = YES;
				CLANG_WARN_BLOCK_CAPTURE_AUTORELEASING = YES;
				CLANG_WARN_BOOL_CONVERSION = YES;
				CLANG_WARN_COMMA = YES;
				CLANG_WARN_CONSTANT_CONVERSION = YES;
				CLANG_WARN_DEPRECATED_OBJC_IMPLEMENTATIONS = YES;
				CLANG_WARN_DIRECT_OBJC_ISA_USAGE = YES_ERROR;
				CLANG_WARN_DOCUMENTATION_COMMENTS = YES;
				CLANG_WARN_EMPTY_BODY = YES;
				CLANG_WARN_ENUM_CONVERSION = YES;
				CLANG_WARN_INFINITE_RECURSION = YES;
				CLANG_WARN_INT_CONVERSION = YES;
				CLANG_WARN_NON_LITERAL_NULL_CONVERSION = YES;
				CLANG_WARN_OBJC_IMPLICIT_RETAIN_SELF = YES;
				CLANG_WARN_OBJC_LITERAL_CONVERSION = YES;
				CLANG_WARN_OBJC_ROOT_CLASS = YES_ERROR;
				CLANG_WARN_RANGE_LOOP_ANALYSIS = YES;
				CLANG_WARN_STRICT_PROTOTYPES = YES;
				CLANG_WARN_SUSPICIOUS_MOVE = YES;
				CLANG_WARN_UNGUARDED_AVAILABILITY = YES_AGGRESSIVE;
				CLANG_WARN_UNREACHABLE_CODE = YES;
				CLANG_WARN__DUPLICATE_METHOD_MATCH = YES;
				CODE_SIGN_IDENTITY = "iPhone Developer";
				COPY_PHASE_STRIP = NO;
				DEBUG_INFORMATION_FORMAT = "dwarf-with-dsym";
				ENABLE_NS_ASSERTIONS = NO;
				ENABLE_STRICT_OBJC_MSGSEND = YES;
				GCC_C_LANGUAGE_STANDARD = gnu11;
				GCC_NO_COMMON_BLOCKS = YES;
				GCC_WARN_64_TO_32_BIT_CONVERSION = YES;
				GCC_WARN_ABOUT_RETURN_TYPE = YES_ERROR;
				GCC_WARN_UNDECLARED_SELECTOR = YES;
				GCC_WARN_UNINITIALIZED_AUTOS = YES_AGGRESSIVE;
				GCC_WARN_UNUSED_FUNCTION = YES;
				GCC_WARN_UNUSED_VARIABLE = YES;
				IPHONEOS_DEPLOYMENT_TARGET = 12.4;
				MTL_ENABLE_DEBUG_INFO = NO;
				MTL_FAST_MATH = YES;
				SDKROOT = iphoneos;
				SWIFT_COMPILATION_MODE = wholemodule;
				SWIFT_OPTIMIZATION_LEVEL = "-O";
				VALIDATE_PRODUCT = YES;
			};
			name = Release;
		};
		603B78AC23D0221E0076E6C5 /* Debug */ = {
			isa = XCBuildConfiguration;
			buildSettings = {
				ASSETCATALOG_COMPILER_APPICON_NAME = AppIcon;
				CODE_SIGN_STYLE = Automatic;
				INFOPLIST_FILE = aiueo/Info.plist;
				LD_RUNPATH_SEARCH_PATHS = (
					"$(inherited)",
					"@executable_path/Frameworks",
				);
				PRODUCT_BUNDLE_IDENTIFIER = aiueo.aiueo;
				PRODUCT_NAME = "$(TARGET_NAME)";
				SWIFT_VERSION = 5.0;
				TARGETED_DEVICE_FAMILY = "1,2";
			};
			name = Debug;
		};
		603B78AD23D0221E0076E6C5 /* Release */ = {
			isa = XCBuildConfiguration;
			buildSettings = {
				ASSETCATALOG_COMPILER_APPICON_NAME = AppIcon;
				CODE_SIGN_STYLE = Automatic;
				INFOPLIST_FILE = aiueo/Info.plist;
				LD_RUNPATH_SEARCH_PATHS = (
					"$(inherited)",
					"@executable_path/Frameworks",
				);
				PRODUCT_BUNDLE_IDENTIFIER = aiueo.aiueo;
				PRODUCT_NAME = "$(TARGET_NAME)";
				SWIFT_VERSION = 5.0;
				TARGETED_DEVICE_FAMILY = "1,2";
			};
			name = Release;
		};
		603B78AF23D0221E0076E6C5 /* Debug */ = {
			isa = XCBuildConfiguration;
			buildSettings = {
				ALWAYS_EMBED_SWIFT_STANDARD_LIBRARIES = YES;
				BUNDLE_LOADER = "$(TEST_HOST)";
				CODE_SIGN_STYLE = Automatic;
				INFOPLIST_FILE = aiueoTests/Info.plist;
				LD_RUNPATH_SEARCH_PATHS = (
					"$(inherited)",
					"@executable_path/Frameworks",
					"@loader_path/Frameworks",
				);
				PRODUCT_BUNDLE_IDENTIFIER = aiueo.aiueoTests;
				PRODUCT_NAME = "$(TARGET_NAME)";
				SWIFT_VERSION = 5.0;
				TARGETED_DEVICE_FAMILY = "1,2";
				TEST_HOST = "$(BUILT_PRODUCTS_DIR)/aiueo.app/aiueo";
			};
			name = Debug;
		};
		603B78B023D0221E0076E6C5 /* Release */ = {
			isa = XCBuildConfiguration;
			buildSettings = {
				ALWAYS_EMBED_SWIFT_STANDARD_LIBRARIES = YES;
				BUNDLE_LOADER = "$(TEST_HOST)";
				CODE_SIGN_STYLE = Automatic;
				INFOPLIST_FILE = aiueoTests/Info.plist;
				LD_RUNPATH_SEARCH_PATHS = (
					"$(inherited)",
					"@executable_path/Frameworks",
					"@loader_path/Frameworks",
				);
				PRODUCT_BUNDLE_IDENTIFIER = aiueo.aiueoTests;
				PRODUCT_NAME = "$(TARGET_NAME)";
				SWIFT_VERSION = 5.0;
				TARGETED_DEVICE_FAMILY = "1,2";
				TEST_HOST = "$(BUILT_PRODUCTS_DIR)/aiueo.app/aiueo";
			};
			name = Release;
		};
		603B78B223D0221E0076E6C5 /* Debug */ = {
			isa = XCBuildConfiguration;
			buildSettings = {
				ALWAYS_EMBED_SWIFT_STANDARD_LIBRARIES = YES;
				CODE_SIGN_STYLE = Automatic;
				INFOPLIST_FILE = aiueoUITests/Info.plist;
				LD_RUNPATH_SEARCH_PATHS = (
					"$(inherited)",
					"@executable_path/Frameworks",
					"@loader_path/Frameworks",
				);
				PRODUCT_BUNDLE_IDENTIFIER = aiueo.aiueoUITests;
				PRODUCT_NAME = "$(TARGET_NAME)";
				SWIFT_VERSION = 5.0;
				TARGETED_DEVICE_FAMILY = "1,2";
				TEST_TARGET_NAME = aiueo;
			};
			name = Debug;
		};
		603B78B323D0221E0076E6C5 /* Release */ = {
			isa = XCBuildConfiguration;
			buildSettings = {
				ALWAYS_EMBED_SWIFT_STANDARD_LIBRARIES = YES;
				CODE_SIGN_STYLE = Automatic;
				INFOPLIST_FILE = aiueoUITests/Info.plist;
				LD_RUNPATH_SEARCH_PATHS = (
					"$(inherited)",
					"@executable_path/Frameworks",
					"@loader_path/Frameworks",
				);
				PRODUCT_BUNDLE_IDENTIFIER = aiueo.aiueoUITests;
				PRODUCT_NAME = "$(TARGET_NAME)";
				SWIFT_VERSION = 5.0;
				TARGETED_DEVICE_FAMILY = "1,2";
				TEST_TARGET_NAME = aiueo;
			};
			name = Release;
		};
/* End XCBuildConfiguration section */

/* Begin XCConfigurationList section */
		603B787E23D0221D0076E6C5 /* Build configuration list for PBXProject "aiueo" */ = {
			isa = XCConfigurationList;
			buildConfigurations = (
				603B78A923D0221E0076E6C5 /* Debug */,
				603B78AA23D0221E0076E6C5 /* Release */,
			);
			defaultConfigurationIsVisible = 0;
			defaultConfigurationName = Release;
		};
		603B78AB23D0221E0076E6C5 /* Build configuration list for PBXNativeTarget "aiueo" */ = {
			isa = XCConfigurationList;
			buildConfigurations = (
				603B78AC23D0221E0076E6C5 /* Debug */,
				603B78AD23D0221E0076E6C5 /* Release */,
			);
			defaultConfigurationIsVisible = 0;
			defaultConfigurationName = Release;
		};
		603B78AE23D0221E0076E6C5 /* Build configuration list for PBXNativeTarget "aiueoTests" */ = {
			isa = XCConfigurationList;
			buildConfigurations = (
				603B78AF23D0221E0076E6C5 /* Debug */,
				603B78B023D0221E0076E6C5 /* Release */,
			);
			defaultConfigurationIsVisible = 0;
			defaultConfigurationName = Release;
		};
		603B78B123D0221E0076E6C5 /* Build configuration list for PBXNativeTarget "aiueoUITests" */ = {
			isa = XCConfigurationList;
			buildConfigurations = (
				603B78B223D0221E0076E6C5 /* Debug */,
				603B78B323D0221E0076E6C5 /* Release */,
			);
			defaultConfigurationIsVisible = 0;
			defaultConfigurationName = Release;
		};
/* End XCConfigurationList section */
	};
	rootObject = 603B787B23D0221D0076E6C5 /* Project object */;
}
